
Microsoft Visual Studio Solution File, Format Version 12.00
# Visual Studio 15
VisualStudioVersion = 15.0.28307.421
MinimumVisualStudioVersion = 10.0.40219.1
Project("{FAE04EC0-301F-11D3-BF4B-00C04F79EFBC}") = "2019Feb", "2019Feb\2019Feb.csproj", "{62DDA050-782B-4525-8A0A-89291B8C0C37}"
EndProject
Global
	GlobalSection(SolutionConfigurationPlatforms) = preSolution
		Debug|Any CPU = Debug|Any CPU
		Release|Any CPU = Release|Any CPU
	EndGlobalSection
	GlobalSection(ProjectConfigurationPlatforms) = postSolution
		{62DDA050-782B-4525-8A0A-89291B8C0C37}.Debug|Any CPU.ActiveCfg = Debug|Any CPU
		{62DDA050-782B-4525-8A0A-89291B8C0C37}.Debug|Any CPU.Build.0 = Debug|Any CPU
		{62DDA050-782B-4525-8A0A-89291B8C0C37}.Release|Any CPU.ActiveCfg = Release|Any CPU
		{62DDA050-782B-4525-8A0A-89291B8C0C37}.Release|Any CPU.Build.0 = Release|Any CPU
	EndGlobalSection
	GlobalSection(SolutionProperties) = preSolution
		HideSolutionNode = FALSE
	EndGlobalSection
	GlobalSection(ExtensibilityGlobals) = postSolution
		SolutionGuid = {12412683-F3D6-41BA-BB56-3770D7985B1C}
	EndGlobalSection
EndGlobal
